// !$*UTF8*$!
{
	archiveVersion = 1;
	classes = {
	};
	objectVersion = 46;
	objects = {

/* Begin PBXBuildFile section */
		688BCA88D8C79776D4A53866 /* libPods-mynt-ios-demo.a in Frameworks */ = {isa = PBXBuildFile; fileRef = 70BF5B52873C2BD9B59FFDA0 /* libPods-mynt-ios-demo.a */; };
		A97DE52A1CE2FA5D0053B200 /* MyntTableViewController.swift in Sources */ = {isa = PBXBuildFile; fileRef = A97DE5281CE2FA5D0053B200 /* MyntTableViewController.swift */; };
		A97DE52B1CE2FA5D0053B200 /* MyntTableViewController.xib in Resources */ = {isa = PBXBuildFile; fileRef = A97DE5291CE2FA5D0053B200 /* MyntTableViewController.xib */; };
		A97DE52E1CE2FDD00053B200 /* MyntTableViewCell.swift in Sources */ = {isa = PBXBuildFile; fileRef = A97DE52C1CE2FDD00053B200 /* MyntTableViewCell.swift */; };
		A97DE52F1CE2FDD00053B200 /* MyntTableViewCell.xib in Resources */ = {isa = PBXBuildFile; fileRef = A97DE52D1CE2FDD00053B200 /* MyntTableViewCell.xib */; };
		A97DE5321CE310FF0053B200 /* MyntViewController.swift in Sources */ = {isa = PBXBuildFile; fileRef = A97DE5301CE310FF0053B200 /* MyntViewController.swift */; };
		A97DE5331CE310FF0053B200 /* MyntViewController.xib in Resources */ = {isa = PBXBuildFile; fileRef = A97DE5311CE310FF0053B200 /* MyntViewController.xib */; };
		A98E914C1CCC594200670FBA /* AppDelegate.swift in Sources */ = {isa = PBXBuildFile; fileRef = A98E914B1CCC594200670FBA /* AppDelegate.swift */; };
		A98E91531CCC594200670FBA /* Assets.xcassets in Resources */ = {isa = PBXBuildFile; fileRef = A98E91521CCC594200670FBA /* Assets.xcassets */; };
		A98E91561CCC594200670FBA /* LaunchScreen.storyboard in Resources */ = {isa = PBXBuildFile; fileRef = A98E91541CCC594200670FBA /* LaunchScreen.storyboard */; };
/* End PBXBuildFile section */

/* Begin PBXFileReference section */
		4B0171699DEC4F5880EFA32E /* Pods-mynt-osx-demo.debug.xcconfig */ = {isa = PBXFileReference; includeInIndex = 1; lastKnownFileType = text.xcconfig; name = "Pods-mynt-osx-demo.debug.xcconfig"; path = "Pods/Target Support Files/Pods-mynt-osx-demo/Pods-mynt-osx-demo.debug.xcconfig"; sourceTree = "<group>"; };
		70BF5B52873C2BD9B59FFDA0 /* libPods-mynt-ios-demo.a */ = {isa = PBXFileReference; explicitFileType = archive.ar; includeInIndex = 0; path = "libPods-mynt-ios-demo.a"; sourceTree = BUILT_PRODUCTS_DIR; };
		8255466F9A918E45AE0A42AF /* Pods-mynt-ios-demo.release.xcconfig */ = {isa = PBXFileReference; includeInIndex = 1; lastKnownFileType = text.xcconfig; name = "Pods-mynt-ios-demo.release.xcconfig"; path = "Pods/Target Support Files/Pods-mynt-ios-demo/Pods-mynt-ios-demo.release.xcconfig"; sourceTree = "<group>"; };
		A97DE5281CE2FA5D0053B200 /* MyntTableViewController.swift */ = {isa = PBXFileReference; fileEncoding = 4; lastKnownFileType = sourcecode.swift; path = MyntTableViewController.swift; sourceTree = "<group>"; };
		A97DE5291CE2FA5D0053B200 /* MyntTableViewController.xib */ = {isa = PBXFileReference; fileEncoding = 4; lastKnownFileType = file.xib; path = MyntTableViewController.xib; sourceTree = "<group>"; };
		A97DE52C1CE2FDD00053B200 /* MyntTableViewCell.swift */ = {isa = PBXFileReference; fileEncoding = 4; lastKnownFileType = sourcecode.swift; path = MyntTableViewCell.swift; sourceTree = "<group>"; };
		A97DE52D1CE2FDD00053B200 /* MyntTableViewCell.xib */ = {isa = PBXFileReference; fileEncoding = 4; lastKnownFileType = file.xib; path = MyntTableViewCell.xib; sourceTree = "<group>"; };
		A97DE5301CE310FF0053B200 /* MyntViewController.swift */ = {isa = PBXFileReference; fileEncoding = 4; lastKnownFileType = sourcecode.swift; path = MyntViewController.swift; sourceTree = "<group>"; };
		A97DE5311CE310FF0053B200 /* MyntViewController.xib */ = {isa = PBXFileReference; fileEncoding = 4; lastKnownFileType = file.xib; path = MyntViewController.xib; sourceTree = "<group>"; };
		A98E91481CCC594200670FBA /* mynt-ios-demo.app */ = {isa = PBXFileReference; explicitFileType = wrapper.application; includeInIndex = 0; path = "mynt-ios-demo.app"; sourceTree = BUILT_PRODUCTS_DIR; };
		A98E914B1CCC594200670FBA /* AppDelegate.swift */ = {isa = PBXFileReference; lastKnownFileType = sourcecode.swift; path = AppDelegate.swift; sourceTree = "<group>"; };
		A98E91521CCC594200670FBA /* Assets.xcassets */ = {isa = PBXFileReference; lastKnownFileType = folder.assetcatalog; path = Assets.xcassets; sourceTree = "<group>"; };
		A98E91551CCC594200670FBA /* Base */ = {isa = PBXFileReference; lastKnownFileType = file.storyboard; name = Base; path = Base.lproj/LaunchScreen.storyboard; sourceTree = "<group>"; };
		A98E91571CCC594200670FBA /* Info.plist */ = {isa = PBXFileReference; lastKnownFileType = text.plist.xml; path = Info.plist; sourceTree = "<group>"; };
		A98E91631CCC595500670FBA /* AppDelegate.swift */ = {isa = PBXFileReference; lastKnownFileType = sourcecode.swift; path = AppDelegate.swift; sourceTree = "<group>"; };
		A98E91651CCC595500670FBA /* Assets.xcassets */ = {isa = PBXFileReference; lastKnownFileType = folder.assetcatalog; path = Assets.xcassets; sourceTree = "<group>"; };
		A98E91681CCC595500670FBA /* Base */ = {isa = PBXFileReference; lastKnownFileType = file.xib; name = Base; path = Base.lproj/MainMenu.xib; sourceTree = "<group>"; };
		A98E916A1CCC595500670FBA /* Info.plist */ = {isa = PBXFileReference; lastKnownFileType = text.plist.xml; path = Info.plist; sourceTree = "<group>"; };
		A98E91871CCDE06000670FBA /* mynt-osx-demo-Bridging-Header.h */ = {isa = PBXFileReference; lastKnownFileType = sourcecode.c.h; path = "mynt-osx-demo-Bridging-Header.h"; sourceTree = "<group>"; };
		A98E918B1CCDE06D00670FBA /* mynt-ios-demo-Bridging-Header.h */ = {isa = PBXFileReference; lastKnownFileType = sourcecode.c.h; path = "mynt-ios-demo-Bridging-Header.h"; sourceTree = "<group>"; };
		CF78C06C37E233781ECBA118 /* Pods-mynt-ios-demo.debug.xcconfig */ = {isa = PBXFileReference; includeInIndex = 1; lastKnownFileType = text.xcconfig; name = "Pods-mynt-ios-demo.debug.xcconfig"; path = "Pods/Target Support Files/Pods-mynt-ios-demo/Pods-mynt-ios-demo.debug.xcconfig"; sourceTree = "<group>"; };
		F853637C6EAC9B5EA1380984 /* Pods-mynt-osx-demo.release.xcconfig */ = {isa = PBXFileReference; includeInIndex = 1; lastKnownFileType = text.xcconfig; name = "Pods-mynt-osx-demo.release.xcconfig"; path = "Pods/Target Support Files/Pods-mynt-osx-demo/Pods-mynt-osx-demo.release.xcconfig"; sourceTree = "<group>"; };
		FE784E6D0EE4D8D736596208 /* libPods-mynt-osx-demo.a */ = {isa = PBXFileReference; explicitFileType = archive.ar; includeInIndex = 0; path = "libPods-mynt-osx-demo.a"; sourceTree = BUILT_PRODUCTS_DIR; };
/* End PBXFileReference section */

/* Begin PBXFrameworksBuildPhase section */
		A98E91451CCC594200670FBA /* Frameworks */ = {
			isa = PBXFrameworksBuildPhase;
			buildActionMask = 2147483647;
			files = (
				688BCA88D8C79776D4A53866 /* libPods-mynt-ios-demo.a in Frameworks */,
			);
			runOnlyForDeploymentPostprocessing = 0;
		};
/* End PBXFrameworksBuildPhase section */

/* Begin PBXGroup section */
		20EA70DAA6B178D8E300EDA2 /* Pods */ = {
			isa = PBXGroup;
			children = (
				4B0171699DEC4F5880EFA32E /* Pods-mynt-osx-demo.debug.xcconfig */,
				F853637C6EAC9B5EA1380984 /* Pods-mynt-osx-demo.release.xcconfig */,
				CF78C06C37E233781ECBA118 /* Pods-mynt-ios-demo.debug.xcconfig */,
				8255466F9A918E45AE0A42AF /* Pods-mynt-ios-demo.release.xcconfig */,
			);
			name = Pods;
			sourceTree = "<group>";
		};
		684A390CFB8C76728C9527E3 /* Frameworks */ = {
			isa = PBXGroup;
			children = (
				70BF5B52873C2BD9B59FFDA0 /* libPods-mynt-ios-demo.a */,
				FE784E6D0EE4D8D736596208 /* libPods-mynt-osx-demo.a */,
			);
			name = Frameworks;
			sourceTree = "<group>";
		};
		A98E913F1CCC594200670FBA = {
			isa = PBXGroup;
			children = (
				A98E914A1CCC594200670FBA /* mynt-ios-demo */,
				A98E91621CCC595500670FBA /* mynt-osx-demo */,
				A98E91491CCC594200670FBA /* Products */,
				20EA70DAA6B178D8E300EDA2 /* Pods */,
				684A390CFB8C76728C9527E3 /* Frameworks */,
			);
			sourceTree = "<group>";
		};
		A98E91491CCC594200670FBA /* Products */ = {
			isa = PBXGroup;
			children = (
				A98E91481CCC594200670FBA /* mynt-ios-demo.app */,
			);
			name = Products;
			sourceTree = "<group>";
		};
		A98E914A1CCC594200670FBA /* mynt-ios-demo */ = {
			isa = PBXGroup;
			children = (
				A98E914B1CCC594200670FBA /* AppDelegate.swift */,
				A97DE5281CE2FA5D0053B200 /* MyntTableViewController.swift */,
				A97DE5291CE2FA5D0053B200 /* MyntTableViewController.xib */,
				A97DE5301CE310FF0053B200 /* MyntViewController.swift */,
				A97DE5311CE310FF0053B200 /* MyntViewController.xib */,
				A97DE52C1CE2FDD00053B200 /* MyntTableViewCell.swift */,
				A97DE52D1CE2FDD00053B200 /* MyntTableViewCell.xib */,
				A98E91521CCC594200670FBA /* Assets.xcassets */,
				A98E91541CCC594200670FBA /* LaunchScreen.storyboard */,
				A98E91571CCC594200670FBA /* Info.plist */,
				A98E918B1CCDE06D00670FBA /* mynt-ios-demo-Bridging-Header.h */,
			);
			path = "mynt-ios-demo";
			sourceTree = "<group>";
		};
		A98E91621CCC595500670FBA /* mynt-osx-demo */ = {
			isa = PBXGroup;
			children = (
				A98E91631CCC595500670FBA /* AppDelegate.swift */,
				A98E91651CCC595500670FBA /* Assets.xcassets */,
				A98E91671CCC595500670FBA /* MainMenu.xib */,
				A98E916A1CCC595500670FBA /* Info.plist */,
				A98E91871CCDE06000670FBA /* mynt-osx-demo-Bridging-Header.h */,
			);
			path = "mynt-osx-demo";
			sourceTree = "<group>";
		};
/* End PBXGroup section */

/* Begin PBXNativeTarget section */
		A98E91471CCC594200670FBA /* mynt-ios-demo */ = {
			isa = PBXNativeTarget;
			buildConfigurationList = A98E915A1CCC594200670FBA /* Build configuration list for PBXNativeTarget "mynt-ios-demo" */;
			buildPhases = (
				AC26E39892A9CB5AF3F73325 /* [CP] Check Pods Manifest.lock */,
				A98E91441CCC594200670FBA /* Sources */,
				A98E91451CCC594200670FBA /* Frameworks */,
				A98E91461CCC594200670FBA /* Resources */,
				31EA66761AC6391AA6A02570 /* [CP] Embed Pods Frameworks */,
				5A44136113BD821922EBB959 /* [CP] Copy Pods Resources */,
			);
			buildRules = (
			);
			dependencies = (
			);
			name = "mynt-ios-demo";
			productName = "mynt-ios-demo";
			productReference = A98E91481CCC594200670FBA /* mynt-ios-demo.app */;
			productType = "com.apple.product-type.application";
		};
/* End PBXNativeTarget section */

/* Begin PBXProject section */
		A98E91401CCC594200670FBA /* Project object */ = {
			isa = PBXProject;
			attributes = {
				LastSwiftUpdateCheck = 0730;
				LastUpgradeCheck = 0730;
				ORGANIZATIONNAME = slighech;
				TargetAttributes = {
					A98E91471CCC594200670FBA = {
						CreatedOnToolsVersion = 7.3;
						DevelopmentTeam = 74UTGGD74F;
						LastSwiftMigration = 0800;
						SystemCapabilities = {
							com.apple.BackgroundModes = {
								enabled = 1;
							};
						};
					};
				};
			};
			buildConfigurationList = A98E91431CCC594200670FBA /* Build configuration list for PBXProject "mynt-ios-demo" */;
			compatibilityVersion = "Xcode 3.2";
			developmentRegion = English;
			hasScannedForEncodings = 0;
			knownRegions = (
				en,
				Base,
			);
			mainGroup = A98E913F1CCC594200670FBA;
			productRefGroup = A98E91491CCC594200670FBA /* Products */;
			projectDirPath = "";
			projectRoot = "";
			targets = (
				A98E91471CCC594200670FBA /* mynt-ios-demo */,
			);
		};
/* End PBXProject section */

/* Begin PBXResourcesBuildPhase section */
		A98E91461CCC594200670FBA /* Resources */ = {
			isa = PBXResourcesBuildPhase;
			buildActionMask = 2147483647;
			files = (
				A97DE52B1CE2FA5D0053B200 /* MyntTableViewController.xib in Resources */,
				A97DE5331CE310FF0053B200 /* MyntViewController.xib in Resources */,
				A97DE52F1CE2FDD00053B200 /* MyntTableViewCell.xib in Resources */,
				A98E91561CCC594200670FBA /* LaunchScreen.storyboard in Resources */,
				A98E91531CCC594200670FBA /* Assets.xcassets in Resources */,
			);
			runOnlyForDeploymentPostprocessing = 0;
		};
/* End PBXResourcesBuildPhase section */

/* Begin PBXShellScriptBuildPhase section */
		31EA66761AC6391AA6A02570 /* [CP] Embed Pods Frameworks */ = {
			isa = PBXShellScriptBuildPhase;
			buildActionMask = 2147483647;
			files = (
			);
			inputPaths = (
			);
			name = "[CP] Embed Pods Frameworks";
			outputPaths = (
			);
			runOnlyForDeploymentPostprocessing = 0;
			shellPath = /bin/sh;
			shellScript = "\"${SRCROOT}/Pods/Target Support Files/Pods-mynt-ios-demo/Pods-mynt-ios-demo-frameworks.sh\"\n";
			showEnvVarsInLog = 0;
		};
		5A44136113BD821922EBB959 /* [CP] Copy Pods Resources */ = {
			isa = PBXShellScriptBuildPhase;
			buildActionMask = 2147483647;
			files = (
			);
			inputPaths = (
			);
			name = "[CP] Copy Pods Resources";
			outputPaths = (
			);
			runOnlyForDeploymentPostprocessing = 0;
			shellPath = /bin/sh;
			shellScript = "\"${SRCROOT}/Pods/Target Support Files/Pods-mynt-ios-demo/Pods-mynt-ios-demo-resources.sh\"\n";
			showEnvVarsInLog = 0;
		};
		AC26E39892A9CB5AF3F73325 /* [CP] Check Pods Manifest.lock */ = {
			isa = PBXShellScriptBuildPhase;
			buildActionMask = 2147483647;
			files = (
			);
			inputPaths = (
			);
			name = "[CP] Check Pods Manifest.lock";
			outputPaths = (
			);
			runOnlyForDeploymentPostprocessing = 0;
			shellPath = /bin/sh;
			shellScript = "diff \"${PODS_ROOT}/../Podfile.lock\" \"${PODS_ROOT}/Manifest.lock\" > /dev/null\nif [ $? != 0 ] ; then\n    # print error to STDERR\n    echo \"error: The sandbox is not in sync with the Podfile.lock. Run 'pod install' or update your CocoaPods installation.\" >&2\n    exit 1\nfi\n";
			showEnvVarsInLog = 0;
		};
/* End PBXShellScriptBuildPhase section */

/* Begin PBXSourcesBuildPhase section */
		A98E91441CCC594200670FBA /* Sources */ = {
			isa = PBXSourcesBuildPhase;
			buildActionMask = 2147483647;
			files = (
				A97DE52A1CE2FA5D0053B200 /* MyntTableViewController.swift in Sources */,
				A97DE52E1CE2FDD00053B200 /* MyntTableViewCell.swift in Sources */,
				A97DE5321CE310FF0053B200 /* MyntViewController.swift in Sources */,
				A98E914C1CCC594200670FBA /* AppDelegate.swift in Sources */,
			);
			runOnlyForDeploymentPostprocessing = 0;
		};
/* End PBXSourcesBuildPhase section */

/* Begin PBXVariantGroup section */
		A98E91541CCC594200670FBA /* LaunchScreen.storyboard */ = {
			isa = PBXVariantGroup;
			children = (
				A98E91551CCC594200670FBA /* Base */,
			);
			name = LaunchScreen.storyboard;
			sourceTree = "<group>";
		};
		A98E91671CCC595500670FBA /* MainMenu.xib */ = {
			isa = PBXVariantGroup;
			children = (
				A98E91681CCC595500670FBA /* Base */,
			);
			name = MainMenu.xib;
			sourceTree = "<group>";
		};
/* End PBXVariantGroup section */

/* Begin XCBuildConfiguration section */
		A98E91581CCC594200670FBA /* Debug */ = {
			isa = XCBuildConfiguration;
			buildSettings = {
				ALWAYS_SEARCH_USER_PATHS = NO;
				CLANG_ANALYZER_NONNULL = YES;
				CLANG_CXX_LANGUAGE_STANDARD = "gnu++0x";
				CLANG_CXX_LIBRARY = "libc++";
				CLANG_ENABLE_MODULES = YES;
				CLANG_ENABLE_OBJC_ARC = YES;
				CLANG_WARN_BOOL_CONVERSION = YES;
				CLANG_WARN_CONSTANT_CONVERSION = YES;
				CLANG_WARN_DIRECT_OBJC_ISA_USAGE = YES_ERROR;
				CLANG_WARN_EMPTY_BODY = YES;
				CLANG_WARN_ENUM_CONVERSION = YES;
				CLANG_WARN_INT_CONVERSION = YES;
				CLANG_WARN_OBJC_ROOT_CLASS = YES_ERROR;
				CLANG_WARN_UNREACHABLE_CODE = YES;
				CLANG_WARN__DUPLICATE_METHOD_MATCH = YES;
				"CODE_SIGN_IDENTITY[sdk=iphoneos*]" = "iPhone Developer";
				COPY_PHASE_STRIP = NO;
				DEBUG_INFORMATION_FORMAT = dwarf;
				ENABLE_STRICT_OBJC_MSGSEND = YES;
				ENABLE_TESTABILITY = YES;
				GCC_C_LANGUAGE_STANDARD = gnu99;
				GCC_DYNAMIC_NO_PIC = NO;
				GCC_NO_COMMON_BLOCKS = YES;
				GCC_OPTIMIZATION_LEVEL = 0;
				GCC_PREPROCESSOR_DEFINITIONS = (
					"DEBUG=1",
					"$(inherited)",
				);
				GCC_WARN_64_TO_32_BIT_CONVERSION = YES;
				GCC_WARN_ABOUT_RETURN_TYPE = YES_ERROR;
				GCC_WARN_UNDECLARED_SELECTOR = YES;
				GCC_WARN_UNINITIALIZED_AUTOS = YES_AGGRESSIVE;
				GCC_WARN_UNUSED_FUNCTION = YES;
				GCC_WARN_UNUSED_VARIABLE = YES;
				IPHONEOS_DEPLOYMENT_TARGET = 9.3;
				MACOSX_DEPLOYMENT_TARGET = 10.9;
				MTL_ENABLE_DEBUG_INFO = YES;
				ONLY_ACTIVE_ARCH = YES;
				SDKROOT = iphoneos;
				SWIFT_OPTIMIZATION_LEVEL = "-Onone";
			};
			name = Debug;
		};
		A98E91591CCC594200670FBA /* Release */ = {
			isa = XCBuildConfiguration;
			buildSettings = {
				ALWAYS_SEARCH_USER_PATHS = NO;
				CLANG_ANALYZER_NONNULL = YES;
				CLANG_CXX_LANGUAGE_STANDARD = "gnu++0x";
				CLANG_CXX_LIBRARY = "libc++";
				CLANG_ENABLE_MODULES = YES;
				CLANG_ENABLE_OBJC_ARC = YES;
				CLANG_WARN_BOOL_CONVERSION = YES;
				CLANG_WARN_CONSTANT_CONVERSION = YES;
				CLANG_WARN_DIRECT_OBJC_ISA_USAGE = YES_ERROR;
				CLANG_WARN_EMPTY_BODY = YES;
				CLANG_WARN_ENUM_CONVERSION = YES;
				CLANG_WARN_INT_CONVERSION = YES;
				CLANG_WARN_OBJC_ROOT_CLASS = YES_ERROR;
				CLANG_WARN_UNREACHABLE_CODE = YES;
				CLANG_WARN__DUPLICATE_METHOD_MATCH = YES;
				"CODE_SIGN_IDENTITY[sdk=iphoneos*]" = "iPhone Developer";
				COPY_PHASE_STRIP = NO;
				DEBUG_INFORMATION_FORMAT = "dwarf-with-dsym";
				ENABLE_NS_ASSERTIONS = NO;
				ENABLE_STRICT_OBJC_MSGSEND = YES;
				GCC_C_LANGUAGE_STANDARD = gnu99;
				GCC_NO_COMMON_BLOCKS = YES;
				GCC_WARN_64_TO_32_BIT_CONVERSION = YES;
				GCC_WARN_ABOUT_RETURN_TYPE = YES_ERROR;
				GCC_WARN_UNDECLARED_SELECTOR = YES;
				GCC_WARN_UNINITIALIZED_AUTOS = YES_AGGRESSIVE;
				GCC_WARN_UNUSED_FUNCTION = YES;
				GCC_WARN_UNUSED_VARIABLE = YES;
				IPHONEOS_DEPLOYMENT_TARGET = 9.3;
				MACOSX_DEPLOYMENT_TARGET = 10.9;
				MTL_ENABLE_DEBUG_INFO = NO;
				SDKROOT = iphoneos;
				VALIDATE_PRODUCT = YES;
			};
			name = Release;
		};
		A98E915B1CCC594200670FBA /* Debug */ = {
			isa = XCBuildConfiguration;
			baseConfigurationReference = CF78C06C37E233781ECBA118 /* Pods-mynt-ios-demo.debug.xcconfig */;
			buildSettings = {
				ASSETCATALOG_COMPILER_APPICON_NAME = AppIcon;
				CLANG_ENABLE_MODULES = YES;
				CODE_SIGN_IDENTITY = "iPhone Developer";
				ENABLE_BITCODE = NO;
				INFOPLIST_FILE = "mynt-ios-demo/Info.plist";
				IPHONEOS_DEPLOYMENT_TARGET = 9.0;
				LD_RUNPATH_SEARCH_PATHS = "$(inherited) @executable_path/Frameworks";
				ONLY_ACTIVE_ARCH = YES;
				PRODUCT_BUNDLE_IDENTIFIER = "com.slighech.mynt-ios-demo";
				PRODUCT_NAME = "$(TARGET_NAME)";
				SWIFT_OBJC_BRIDGING_HEADER = "mynt-ios-demo/mynt-ios-demo-Bridging-Header.h";
				SWIFT_OPTIMIZATION_LEVEL = "-Onone";
				SWIFT_VERSION = 3.0;
				VALID_ARCHS = "arm64 armv7s armv7";
			};
			name = Debug;
		};
		A98E915C1CCC594200670FBA /* Release */ = {
			isa = XCBuildConfiguration;
			baseConfigurationReference = 8255466F9A918E45AE0A42AF /* Pods-mynt-ios-demo.release.xcconfig */;
			buildSettings = {
				ASSETCATALOG_COMPILER_APPICON_NAME = AppIcon;
				CLANG_ENABLE_MODULES = YES;
				CODE_SIGN_IDENTITY = "iPhone Developer";
				ENABLE_BITCODE = NO;
				INFOPLIST_FILE = "mynt-ios-demo/Info.plist";
				IPHONEOS_DEPLOYMENT_TARGET = 9.0;
				LD_RUNPATH_SEARCH_PATHS = "$(inherited) @executable_path/Frameworks";
				PRODUCT_BUNDLE_IDENTIFIER = "com.slighech.mynt-ios-demo";
				PRODUCT_NAME = "$(TARGET_NAME)";
				SWIFT_OBJC_BRIDGING_HEADER = "mynt-ios-demo/mynt-ios-demo-Bridging-Header.h";
				SWIFT_VERSION = 3.0;
				VALID_ARCHS = "arm64 armv7s armv7";
			};
			name = Release;
		};
/* End XCBuildConfiguration section */

/* Begin XCConfigurationList section */
		A98E91431CCC594200670FBA /* Build configuration list for PBXProject "mynt-ios-demo" */ = {
			isa = XCConfigurationList;
			buildConfigurations = (
				A98E91581CCC594200670FBA /* Debug */,
				A98E91591CCC594200670FBA /* Release */,
			);
			defaultConfigurationIsVisible = 0;
			defaultConfigurationName = Release;
		};
		A98E915A1CCC594200670FBA /* Build configuration list for PBXNativeTarget "mynt-ios-demo" */ = {
			isa = XCConfigurationList;
			buildConfigurations = (
				A98E915B1CCC594200670FBA /* Debug */,
				A98E915C1CCC594200670FBA /* Release */,
			);
			defaultConfigurationIsVisible = 0;
			defaultConfigurationName = Release;
		};
/* End XCConfigurationList section */
	};
	rootObject = A98E91401CCC594200670FBA /* Project object */;
}
