PODS:
  - MYNT-SDK-IOS (1.1.1)

DEPENDENCIES:
  - MYNT-SDK-IOS (from `../../MYNT-SDK-IOS.podspec`)

EXTERNAL SOURCES:
  MYNT-SDK-IOS:
    :podspec: "../../MYNT-SDK-IOS.podspec"

SPEC CHECKSUMS:
  MYNT-SDK-IOS: c34a7a97982671c7895508a617e0ce6dfe4c5f62

PODFILE CHECKSUM: b1eb5ac1a1f55cb57ab4fb608236212eab671960

COCOAPODS: 1.0.1
