PODS:
  - CRToast (0.0.9)
  - MYNT-SDK-IOS (3.0.0)

DEPENDENCIES:
  - CRToast
  - MYNT-SDK-IOS (from `../../`)

EXTERNAL SOURCES:
  MYNT-SDK-IOS:
    :path: "../../"

SPEC CHECKSUMS:
  CRToast: 5a78c22b921c5ed3487488af605bc403a9c92fed
  MYNT-SDK-IOS: 4904bc8b7cd96e988ffb8b07c4f41b985904256c

PODFILE CHECKSUM: 4269be60eba3e0e5d613092cc3c39544f238ec15

COCOAPODS: 1.2.0
